
Microsoft Visual Studio Solution File, Format Version 12.00
# Visual Studio Version 17
VisualStudioVersion = 17.0.31903.59
MinimumVisualStudioVersion = 10.0.40219.1
Project("{9A19103F-16F7-4668-BE54-9A1E7A4F7556}") = "Tyuiu.ChashkovTA.Sprint1.Task0.V14.Lib", "Tyuiu.ChashkovTA.Sprint1.Task0.V14.Lib\Tyuiu.ChashkovTA.Sprint1.Task0.V14.Lib.csproj", "{FCDF4705-F63E-420D-8E96-5DADD399F23A}"
EndProject
Project("{9A19103F-16F7-4668-BE54-9A1E7A4F7556}") = "Tyuiu.ChashkovTA.Sprint1.Task0.V14", "Tyuiu.ChashkovTA.Sprint1.Task0.V14\Tyuiu.ChashkovTA.Sprint1.Task0.V14.csproj", "{668E786C-B56E-4B0C-868D-586CA55865CC}"
EndProject
Project("{9A19103F-16F7-4668-BE54-9A1E7A4F7556}") = "Tyuiu.ChashkovTA.Sprint1.Task0.V14.Test", "Tyuiu.ChashkovTA.Sprint1.Task0.V14.Test\Tyuiu.ChashkovTA.Sprint1.Task0.V14.Test.csproj", "{02549038-6A1E-4F67-AD37-2CE40AE7F898}"
EndProject
Project("{2150E333-8FDC-42A3-9474-1A3956D46DE8}") = "Task0", "Task0", "{F3DB3072-A42F-4A83-A127-A501B0968130}"
EndProject
Project("{9A19103F-16F7-4668-BE54-9A1E7A4F7556}") = "Tyuiu.ChashkovTA.Sprint1.Task1.V9.Lib", "Tyuiu.ChashkovTA.Sprint1.Task1.V9.Lib\Tyuiu.ChashkovTA.Sprint1.Task1.V9.Lib.csproj", "{D05DC28F-00CB-47DD-8AF8-A0F6C66CEBEE}"
EndProject
Project("{9A19103F-16F7-4668-BE54-9A1E7A4F7556}") = "Tyuiu.ChashkovTA.Sprint1.Task1.V9", "Tyuiu.ChashkovTA.Sprint1.Task1.V9\Tyuiu.ChashkovTA.Sprint1.Task1.V9.csproj", "{ECED9D66-10C7-4D23-8F06-2D4CFD60A62E}"
EndProject
Project("{9A19103F-16F7-4668-BE54-9A1E7A4F7556}") = "Tyuiu.ChashkovTA.Sprint1.Task1.V9.Test", "Tyuiu.ChashkovTA.Sprint1.Task1.V9.Test\Tyuiu.ChashkovTA.Sprint1.Task1.V9.Test.csproj", "{E993A658-7308-4A15-A9D9-424BD534B5D7}"
EndProject
Project("{2150E333-8FDC-42A3-9474-1A3956D46DE8}") = "Task1", "Task1", "{D130D143-432E-4104-A34F-AAC57DC584D1}"
EndProject
Project("{9A19103F-16F7-4668-BE54-9A1E7A4F7556}") = "Tyuiu.ChashkovTA.Sprint1.Task3.V6.Lib", "Tyuiu.ChashkovTA.Sprint1.Task3.V6.Lib\Tyuiu.ChashkovTA.Sprint1.Task3.V6.Lib.csproj", "{063F3046-0868-46AF-9FDD-4B4B2BC36FCC}"
EndProject
Project("{9A19103F-16F7-4668-BE54-9A1E7A4F7556}") = "Tyuiu.ChashkovTA.Sprint1.Task3.V6", "Tyuiu.ChashkovTA.Sprint1.Task3.V6\Tyuiu.ChashkovTA.Sprint1.Task3.V6.csproj", "{148D432F-81D7-4383-A592-34312342885F}"
EndProject
Project("{9A19103F-16F7-4668-BE54-9A1E7A4F7556}") = "Tyuiu.ChashkovTA.Sprint1.Task3.V6.Test", "Tyuiu.ChashkovTA.Sprint1.Task3.V6.Test\Tyuiu.ChashkovTA.Sprint1.Task3.V6.Test.csproj", "{CCB5AD4C-6AB5-486B-9045-B2CDB2B5D13D}"
EndProject
Project("{2150E333-8FDC-42A3-9474-1A3956D46DE8}") = "Task3", "Task3", "{A7BED256-2FE3-498C-9A36-B475523B5AF1}"
EndProject
Global
	GlobalSection(SolutionConfigurationPlatforms) = preSolution
		Debug|Any CPU = Debug|Any CPU
		Release|Any CPU = Release|Any CPU
	EndGlobalSection
	GlobalSection(ProjectConfigurationPlatforms) = postSolution
		{FCDF4705-F63E-420D-8E96-5DADD399F23A}.Debug|Any CPU.ActiveCfg = Debug|Any CPU
		{FCDF4705-F63E-420D-8E96-5DADD399F23A}.Debug|Any CPU.Build.0 = Debug|Any CPU
		{FCDF4705-F63E-420D-8E96-5DADD399F23A}.Release|Any CPU.ActiveCfg = Release|Any CPU
		{FCDF4705-F63E-420D-8E96-5DADD399F23A}.Release|Any CPU.Build.0 = Release|Any CPU
		{668E786C-B56E-4B0C-868D-586CA55865CC}.Debug|Any CPU.ActiveCfg = Debug|Any CPU
		{668E786C-B56E-4B0C-868D-586CA55865CC}.Debug|Any CPU.Build.0 = Debug|Any CPU
		{668E786C-B56E-4B0C-868D-586CA55865CC}.Release|Any CPU.ActiveCfg = Release|Any CPU
		{668E786C-B56E-4B0C-868D-586CA55865CC}.Release|Any CPU.Build.0 = Release|Any CPU
		{02549038-6A1E-4F67-AD37-2CE40AE7F898}.Debug|Any CPU.ActiveCfg = Debug|Any CPU
		{02549038-6A1E-4F67-AD37-2CE40AE7F898}.Debug|Any CPU.Build.0 = Debug|Any CPU
		{02549038-6A1E-4F67-AD37-2CE40AE7F898}.Release|Any CPU.ActiveCfg = Release|Any CPU
		{02549038-6A1E-4F67-AD37-2CE40AE7F898}.Release|Any CPU.Build.0 = Release|Any CPU
		{D05DC28F-00CB-47DD-8AF8-A0F6C66CEBEE}.Debug|Any CPU.ActiveCfg = Debug|Any CPU
		{D05DC28F-00CB-47DD-8AF8-A0F6C66CEBEE}.Debug|Any CPU.Build.0 = Debug|Any CPU
		{D05DC28F-00CB-47DD-8AF8-A0F6C66CEBEE}.Release|Any CPU.ActiveCfg = Release|Any CPU
		{D05DC28F-00CB-47DD-8AF8-A0F6C66CEBEE}.Release|Any CPU.Build.0 = Release|Any CPU
		{ECED9D66-10C7-4D23-8F06-2D4CFD60A62E}.Debug|Any CPU.ActiveCfg = Debug|Any CPU
		{ECED9D66-10C7-4D23-8F06-2D4CFD60A62E}.Debug|Any CPU.Build.0 = Debug|Any CPU
		{ECED9D66-10C7-4D23-8F06-2D4CFD60A62E}.Release|Any CPU.ActiveCfg = Release|Any CPU
		{ECED9D66-10C7-4D23-8F06-2D4CFD60A62E}.Release|Any CPU.Build.0 = Release|Any CPU
		{E993A658-7308-4A15-A9D9-424BD534B5D7}.Debug|Any CPU.ActiveCfg = Debug|Any CPU
		{E993A658-7308-4A15-A9D9-424BD534B5D7}.Debug|Any CPU.Build.0 = Debug|Any CPU
		{E993A658-7308-4A15-A9D9-424BD534B5D7}.Release|Any CPU.ActiveCfg = Release|Any CPU
		{E993A658-7308-4A15-A9D9-424BD534B5D7}.Release|Any CPU.Build.0 = Release|Any CPU
		{063F3046-0868-46AF-9FDD-4B4B2BC36FCC}.Debug|Any CPU.ActiveCfg = Debug|Any CPU
		{063F3046-0868-46AF-9FDD-4B4B2BC36FCC}.Debug|Any CPU.Build.0 = Debug|Any CPU
		{063F3046-0868-46AF-9FDD-4B4B2BC36FCC}.Release|Any CPU.ActiveCfg = Release|Any CPU
		{063F3046-0868-46AF-9FDD-4B4B2BC36FCC}.Release|Any CPU.Build.0 = Release|Any CPU
		{148D432F-81D7-4383-A592-34312342885F}.Debug|Any CPU.ActiveCfg = Debug|Any CPU
		{148D432F-81D7-4383-A592-34312342885F}.Debug|Any CPU.Build.0 = Debug|Any CPU
		{148D432F-81D7-4383-A592-34312342885F}.Release|Any CPU.ActiveCfg = Release|Any CPU
		{148D432F-81D7-4383-A592-34312342885F}.Release|Any CPU.Build.0 = Release|Any CPU
		{CCB5AD4C-6AB5-486B-9045-B2CDB2B5D13D}.Debug|Any CPU.ActiveCfg = Debug|Any CPU
		{CCB5AD4C-6AB5-486B-9045-B2CDB2B5D13D}.Debug|Any CPU.Build.0 = Debug|Any CPU
		{CCB5AD4C-6AB5-486B-9045-B2CDB2B5D13D}.Release|Any CPU.ActiveCfg = Release|Any CPU
		{CCB5AD4C-6AB5-486B-9045-B2CDB2B5D13D}.Release|Any CPU.Build.0 = Release|Any CPU
	EndGlobalSection
	GlobalSection(SolutionProperties) = preSolution
		HideSolutionNode = FALSE
	EndGlobalSection
	GlobalSection(NestedProjects) = preSolution
		{FCDF4705-F63E-420D-8E96-5DADD399F23A} = {F3DB3072-A42F-4A83-A127-A501B0968130}
		{668E786C-B56E-4B0C-868D-586CA55865CC} = {F3DB3072-A42F-4A83-A127-A501B0968130}
		{02549038-6A1E-4F67-AD37-2CE40AE7F898} = {F3DB3072-A42F-4A83-A127-A501B0968130}
		{D05DC28F-00CB-47DD-8AF8-A0F6C66CEBEE} = {D130D143-432E-4104-A34F-AAC57DC584D1}
		{ECED9D66-10C7-4D23-8F06-2D4CFD60A62E} = {D130D143-432E-4104-A34F-AAC57DC584D1}
		{E993A658-7308-4A15-A9D9-424BD534B5D7} = {D130D143-432E-4104-A34F-AAC57DC584D1}
		{063F3046-0868-46AF-9FDD-4B4B2BC36FCC} = {A7BED256-2FE3-498C-9A36-B475523B5AF1}
		{148D432F-81D7-4383-A592-34312342885F} = {A7BED256-2FE3-498C-9A36-B475523B5AF1}
		{CCB5AD4C-6AB5-486B-9045-B2CDB2B5D13D} = {A7BED256-2FE3-498C-9A36-B475523B5AF1}
	EndGlobalSection
	GlobalSection(ExtensibilityGlobals) = postSolution
		SolutionGuid = {E33D00D3-C07F-4562-97EE-A0FEE9E1FB74}
	EndGlobalSection
EndGlobal
